
Microsoft Visual Studio Solution File, Format Version 12.00
# Visual Studio Version 16
VisualStudioVersion = 16.0.30225.117
MinimumVisualStudioVersion = 10.0.40219.1
Project("{FAE04EC0-301F-11D3-BF4B-00C04F79EFBC}") = "Aesc.AwesomeProjram", "Aesc.AwesomeProjram\Aesc.AwesomeProjram.csproj", "{A3C29D90-82ED-4077-8F1E-8F3F5AAAE5D1}"
EndProject
Project("{9A19103F-16F7-4668-BE54-9A1E7A4F7556}") = "Aesc.AwesomeKits", "..\Aesc.AwesomeKits\Aesc.AwesomeKits\Aesc.AwesomeKits.csproj", "{C7A338BF-1F77-4773-8A31-FD16BF5875CE}"
EndProject
Global
	GlobalSection(SolutionConfigurationPlatforms) = preSolution
		Debug|Any CPU = Debug|Any CPU
		Release|Any CPU = Release|Any CPU
	EndGlobalSection
	GlobalSection(ProjectConfigurationPlatforms) = postSolution
		{A3C29D90-82ED-4077-8F1E-8F3F5AAAE5D1}.Debug|Any CPU.ActiveCfg = Debug|Any CPU
		{A3C29D90-82ED-4077-8F1E-8F3F5AAAE5D1}.Debug|Any CPU.Build.0 = Debug|Any CPU
		{A3C29D90-82ED-4077-8F1E-8F3F5AAAE5D1}.Release|Any CPU.ActiveCfg = Release|Any CPU
		{A3C29D90-82ED-4077-8F1E-8F3F5AAAE5D1}.Release|Any CPU.Build.0 = Release|Any CPU
		{C7A338BF-1F77-4773-8A31-FD16BF5875CE}.Debug|Any CPU.ActiveCfg = Debug|Any CPU
		{C7A338BF-1F77-4773-8A31-FD16BF5875CE}.Debug|Any CPU.Build.0 = Debug|Any CPU
		{C7A338BF-1F77-4773-8A31-FD16BF5875CE}.Release|Any CPU.ActiveCfg = Release|Any CPU
		{C7A338BF-1F77-4773-8A31-FD16BF5875CE}.Release|Any CPU.Build.0 = Release|Any CPU
	EndGlobalSection
	GlobalSection(SolutionProperties) = preSolution
		HideSolutionNode = FALSE
	EndGlobalSection
	GlobalSection(ExtensibilityGlobals) = postSolution
		SolutionGuid = {FA14D403-C4E1-4978-BDA2-C85B9D86A7A6}
	EndGlobalSection
EndGlobal
